// !$*UTF8*$!
{
	archiveVersion = 1;
	classes = {
	};
	objectVersion = 50;
	objects = {

/* Begin PBXBuildFile section */
		389D593E35AA62842431407B /* Pods_CounterUITests.framework in Frameworks */ = {isa = PBXBuildFile; fileRef = 3F0DCAFBD93CB198F4271DD4 /* Pods_CounterUITests.framework */; };
		39D942925ED92AA1EF73E7A3 /* Pods_Counter.framework in Frameworks */ = {isa = PBXBuildFile; fileRef = E3EAA482E5497CFA3371317D /* Pods_Counter.framework */; };
		92B002AD3EDF9B44E0BED975 /* Pods_CounterTests.framework in Frameworks */ = {isa = PBXBuildFile; fileRef = 04856ED54B81A44A4BFDE8EE /* Pods_CounterTests.framework */; };
		AE2D7DD320AA40F300760134 /* AppDelegate.swift in Sources */ = {isa = PBXBuildFile; fileRef = AE2D7DD220AA40F300760134 /* AppDelegate.swift */; };
		AE2D7DDA20AA40F500760134 /* Assets.xcassets in Resources */ = {isa = PBXBuildFile; fileRef = AE2D7DD920AA40F500760134 /* Assets.xcassets */; };
		AE2D7DDD20AA40F500760134 /* LaunchScreen.storyboard in Resources */ = {isa = PBXBuildFile; fileRef = AE2D7DDB20AA40F500760134 /* LaunchScreen.storyboard */; };
		AE2D7DF320AA40F500760134 /* CounterUITests.swift in Sources */ = {isa = PBXBuildFile; fileRef = AE2D7DF220AA40F500760134 /* CounterUITests.swift */; };
		AEAD727920AB43FF005CD4E0 /* Application.swift in Sources */ = {isa = PBXBuildFile; fileRef = AEAD727820AB43FF005CD4E0 /* Application.swift */; };
		AEAD728420AB6493005CD4E0 /* Counter.swift in Sources */ = {isa = PBXBuildFile; fileRef = AEAD728320AB6493005CD4E0 /* Counter.swift */; };
		AEF497C920ABB1E9002316C1 /* CounterSpec.swift in Sources */ = {isa = PBXBuildFile; fileRef = AEF497C820ABB1E9002316C1 /* CounterSpec.swift */; };
		AEF497CC20ABB27A002316C1 /* CounterViewControllerSpec.swift in Sources */ = {isa = PBXBuildFile; fileRef = AEF497CB20ABB27A002316C1 /* CounterViewControllerSpec.swift */; };
		AEF497CE20ABB4B8002316C1 /* CountViewControllerSpec.swift in Sources */ = {isa = PBXBuildFile; fileRef = AEF497CD20ABB4B8002316C1 /* CountViewControllerSpec.swift */; };
		AEF497D020ABB735002316C1 /* main.swift in Sources */ = {isa = PBXBuildFile; fileRef = AEF497CF20ABB735002316C1 /* main.swift */; };
		AEF497D420ABB7B2002316C1 /* TestingAppDelegate.swift in Sources */ = {isa = PBXBuildFile; fileRef = AEF497D320ABB7B2002316C1 /* TestingAppDelegate.swift */; };
		AEF497D720ACA7F5002316C1 /* CountRepository.swift in Sources */ = {isa = PBXBuildFile; fileRef = AEF497D620ACA7F5002316C1 /* CountRepository.swift */; };
		AEF497D920AD091A002316C1 /* PersistCountSink.swift in Sources */ = {isa = PBXBuildFile; fileRef = AEF497D820AD091A002316C1 /* PersistCountSink.swift */; };
		DE99C045AF4314FA5CFC9FEE /* CountView.xib in Resources */ = {isa = PBXBuildFile; fileRef = DE99C33E9C44E2F5E7D8516C /* CountView.xib */; };
		DE99C2D0FFC435FEE2602A4A /* CounterView.xib in Resources */ = {isa = PBXBuildFile; fileRef = DE99C3068B0D4A54CDE63628 /* CounterView.xib */; };
		DE99C3B7E6F60917088FEA0B /* CounterViewController.swift in Sources */ = {isa = PBXBuildFile; fileRef = DE99CB21816E906A6F3516E3 /* CounterViewController.swift */; };
		DE99C586DEF24F7FCE60AB51 /* Navigator.swift in Sources */ = {isa = PBXBuildFile; fileRef = DE99C84911D384130DAE142A /* Navigator.swift */; };
		DE99CA3F492EB320B8A74593 /* CountView.xib in Resources */ = {isa = PBXBuildFile; fileRef = DE99C33E9C44E2F5E7D8516C /* CountView.xib */; };
		DE99CF154C21DA45C7D7874D /* CountViewController.swift in Sources */ = {isa = PBXBuildFile; fileRef = DE99CC380F20FF2B82A40B2D /* CountViewController.swift */; };
		DE99CFA98D75C5C212E647CE /* CounterView.xib in Resources */ = {isa = PBXBuildFile; fileRef = DE99C3068B0D4A54CDE63628 /* CounterView.xib */; };
/* End PBXBuildFile section */

/* Begin PBXContainerItemProxy section */
		AE2D7DE420AA40F500760134 /* PBXContainerItemProxy */ = {
			isa = PBXContainerItemProxy;
			containerPortal = AE2D7DC720AA40F300760134 /* Project object */;
			proxyType = 1;
			remoteGlobalIDString = AE2D7DCE20AA40F300760134;
			remoteInfo = Counter;
		};
		AE2D7DEF20AA40F500760134 /* PBXContainerItemProxy */ = {
			isa = PBXContainerItemProxy;
			containerPortal = AE2D7DC720AA40F300760134 /* Project object */;
			proxyType = 1;
			remoteGlobalIDString = AE2D7DCE20AA40F300760134;
			remoteInfo = Counter;
		};
/* End PBXContainerItemProxy section */

/* Begin PBXFileReference section */
		04856ED54B81A44A4BFDE8EE /* Pods_CounterTests.framework */ = {isa = PBXFileReference; explicitFileType = wrapper.framework; includeInIndex = 0; path = Pods_CounterTests.framework; sourceTree = BUILT_PRODUCTS_DIR; };
		1484AF7FD91581CAC834A1B4 /* Pods-CounterUITests.release.xcconfig */ = {isa = PBXFileReference; includeInIndex = 1; lastKnownFileType = text.xcconfig; name = "Pods-CounterUITests.release.xcconfig"; path = "Pods/Target Support Files/Pods-CounterUITests/Pods-CounterUITests.release.xcconfig"; sourceTree = "<group>"; };
		3F0DCAFBD93CB198F4271DD4 /* Pods_CounterUITests.framework */ = {isa = PBXFileReference; explicitFileType = wrapper.framework; includeInIndex = 0; path = Pods_CounterUITests.framework; sourceTree = BUILT_PRODUCTS_DIR; };
		6A346816EECBCF31F23471A9 /* Pods-Counter.debug.xcconfig */ = {isa = PBXFileReference; includeInIndex = 1; lastKnownFileType = text.xcconfig; name = "Pods-Counter.debug.xcconfig"; path = "Pods/Target Support Files/Pods-Counter/Pods-Counter.debug.xcconfig"; sourceTree = "<group>"; };
		78B7DFCB4F3693D9DF17D3AB /* Pods-Counter.release.xcconfig */ = {isa = PBXFileReference; includeInIndex = 1; lastKnownFileType = text.xcconfig; name = "Pods-Counter.release.xcconfig"; path = "Pods/Target Support Files/Pods-Counter/Pods-Counter.release.xcconfig"; sourceTree = "<group>"; };
		AE2D7DCF20AA40F300760134 /* Counter.app */ = {isa = PBXFileReference; explicitFileType = wrapper.application; includeInIndex = 0; path = Counter.app; sourceTree = BUILT_PRODUCTS_DIR; };
		AE2D7DD220AA40F300760134 /* AppDelegate.swift */ = {isa = PBXFileReference; lastKnownFileType = sourcecode.swift; path = AppDelegate.swift; sourceTree = "<group>"; };
		AE2D7DD920AA40F500760134 /* Assets.xcassets */ = {isa = PBXFileReference; lastKnownFileType = folder.assetcatalog; path = Assets.xcassets; sourceTree = "<group>"; };
		AE2D7DDC20AA40F500760134 /* Base */ = {isa = PBXFileReference; lastKnownFileType = file.storyboard; name = Base; path = Base.lproj/LaunchScreen.storyboard; sourceTree = "<group>"; };
		AE2D7DDE20AA40F500760134 /* Info.plist */ = {isa = PBXFileReference; lastKnownFileType = text.plist.xml; path = Info.plist; sourceTree = "<group>"; };
		AE2D7DE320AA40F500760134 /* CounterTests.xctest */ = {isa = PBXFileReference; explicitFileType = wrapper.cfbundle; includeInIndex = 0; path = CounterTests.xctest; sourceTree = BUILT_PRODUCTS_DIR; };
		AE2D7DE920AA40F500760134 /* Info.plist */ = {isa = PBXFileReference; lastKnownFileType = text.plist.xml; path = Info.plist; sourceTree = "<group>"; };
		AE2D7DEE20AA40F500760134 /* CounterUITests.xctest */ = {isa = PBXFileReference; explicitFileType = wrapper.cfbundle; includeInIndex = 0; path = CounterUITests.xctest; sourceTree = BUILT_PRODUCTS_DIR; };
		AE2D7DF220AA40F500760134 /* CounterUITests.swift */ = {isa = PBXFileReference; lastKnownFileType = sourcecode.swift; path = CounterUITests.swift; sourceTree = "<group>"; };
		AE2D7DF420AA40F500760134 /* Info.plist */ = {isa = PBXFileReference; lastKnownFileType = text.plist.xml; path = Info.plist; sourceTree = "<group>"; };
		AEAD727820AB43FF005CD4E0 /* Application.swift */ = {isa = PBXFileReference; lastKnownFileType = sourcecode.swift; path = Application.swift; sourceTree = "<group>"; };
		AEAD728320AB6493005CD4E0 /* Counter.swift */ = {isa = PBXFileReference; lastKnownFileType = sourcecode.swift; path = Counter.swift; sourceTree = "<group>"; };
		AEF497C820ABB1E9002316C1 /* CounterSpec.swift */ = {isa = PBXFileReference; lastKnownFileType = sourcecode.swift; path = CounterSpec.swift; sourceTree = "<group>"; };
		AEF497CB20ABB27A002316C1 /* CounterViewControllerSpec.swift */ = {isa = PBXFileReference; lastKnownFileType = sourcecode.swift; path = CounterViewControllerSpec.swift; sourceTree = "<group>"; };
		AEF497CD20ABB4B8002316C1 /* CountViewControllerSpec.swift */ = {isa = PBXFileReference; lastKnownFileType = sourcecode.swift; path = CountViewControllerSpec.swift; sourceTree = "<group>"; };
		AEF497CF20ABB735002316C1 /* main.swift */ = {isa = PBXFileReference; lastKnownFileType = sourcecode.swift; path = main.swift; sourceTree = "<group>"; };
		AEF497D320ABB7B2002316C1 /* TestingAppDelegate.swift */ = {isa = PBXFileReference; lastKnownFileType = sourcecode.swift; path = TestingAppDelegate.swift; sourceTree = "<group>"; };
		AEF497D620ACA7F5002316C1 /* CountRepository.swift */ = {isa = PBXFileReference; lastKnownFileType = sourcecode.swift; path = CountRepository.swift; sourceTree = "<group>"; };
		AEF497D820AD091A002316C1 /* PersistCountSink.swift */ = {isa = PBXFileReference; lastKnownFileType = sourcecode.swift; path = PersistCountSink.swift; sourceTree = "<group>"; };
		D41B5367B5A600BB2BB7861B /* Pods-CounterTests.debug.xcconfig */ = {isa = PBXFileReference; includeInIndex = 1; lastKnownFileType = text.xcconfig; name = "Pods-CounterTests.debug.xcconfig"; path = "Pods/Target Support Files/Pods-CounterTests/Pods-CounterTests.debug.xcconfig"; sourceTree = "<group>"; };
		DE99C3068B0D4A54CDE63628 /* CounterView.xib */ = {isa = PBXFileReference; lastKnownFileType = file.xib; path = CounterView.xib; sourceTree = "<group>"; };
		DE99C33E9C44E2F5E7D8516C /* CountView.xib */ = {isa = PBXFileReference; lastKnownFileType = file.xib; path = CountView.xib; sourceTree = "<group>"; };
		DE99C84911D384130DAE142A /* Navigator.swift */ = {isa = PBXFileReference; fileEncoding = 4; lastKnownFileType = sourcecode.swift; path = Navigator.swift; sourceTree = "<group>"; };
		DE99CB21816E906A6F3516E3 /* CounterViewController.swift */ = {isa = PBXFileReference; fileEncoding = 4; lastKnownFileType = sourcecode.swift; path = CounterViewController.swift; sourceTree = "<group>"; };
		DE99CC380F20FF2B82A40B2D /* CountViewController.swift */ = {isa = PBXFileReference; fileEncoding = 4; lastKnownFileType = sourcecode.swift; path = CountViewController.swift; sourceTree = "<group>"; };
		E3EAA482E5497CFA3371317D /* Pods_Counter.framework */ = {isa = PBXFileReference; explicitFileType = wrapper.framework; includeInIndex = 0; path = Pods_Counter.framework; sourceTree = BUILT_PRODUCTS_DIR; };
		FD175E6925174079C3D16BBC /* Pods-CounterTests.release.xcconfig */ = {isa = PBXFileReference; includeInIndex = 1; lastKnownFileType = text.xcconfig; name = "Pods-CounterTests.release.xcconfig"; path = "Pods/Target Support Files/Pods-CounterTests/Pods-CounterTests.release.xcconfig"; sourceTree = "<group>"; };
		FEB6D6B2F9A27AFFB6CB1118 /* Pods-CounterUITests.debug.xcconfig */ = {isa = PBXFileReference; includeInIndex = 1; lastKnownFileType = text.xcconfig; name = "Pods-CounterUITests.debug.xcconfig"; path = "Pods/Target Support Files/Pods-CounterUITests/Pods-CounterUITests.debug.xcconfig"; sourceTree = "<group>"; };
/* End PBXFileReference section */

/* Begin PBXFrameworksBuildPhase section */
		AE2D7DCC20AA40F300760134 /* Frameworks */ = {
			isa = PBXFrameworksBuildPhase;
			buildActionMask = 2147483647;
			files = (
				39D942925ED92AA1EF73E7A3 /* Pods_Counter.framework in Frameworks */,
			);
			runOnlyForDeploymentPostprocessing = 0;
		};
		AE2D7DE020AA40F500760134 /* Frameworks */ = {
			isa = PBXFrameworksBuildPhase;
			buildActionMask = 2147483647;
			files = (
				92B002AD3EDF9B44E0BED975 /* Pods_CounterTests.framework in Frameworks */,
			);
			runOnlyForDeploymentPostprocessing = 0;
		};
		AE2D7DEB20AA40F500760134 /* Frameworks */ = {
			isa = PBXFrameworksBuildPhase;
			buildActionMask = 2147483647;
			files = (
				389D593E35AA62842431407B /* Pods_CounterUITests.framework in Frameworks */,
			);
			runOnlyForDeploymentPostprocessing = 0;
		};
/* End PBXFrameworksBuildPhase section */

/* Begin PBXGroup section */
		AE2D7DC620AA40F300760134 = {
			isa = PBXGroup;
			children = (
				AE2D7DD120AA40F300760134 /* Counter */,
				AE2D7DE620AA40F500760134 /* CounterTests */,
				AE2D7DF120AA40F500760134 /* CounterUITests */,
				AE2D7DD020AA40F300760134 /* Products */,
				FDF7E1D0433DE47CCB0B556E /* Pods */,
				B4EA7813FBB4AE3A8C215A1D /* Frameworks */,
			);
			sourceTree = "<group>";
		};
		AE2D7DD020AA40F300760134 /* Products */ = {
			isa = PBXGroup;
			children = (
				AE2D7DCF20AA40F300760134 /* Counter.app */,
				AE2D7DE320AA40F500760134 /* CounterTests.xctest */,
				AE2D7DEE20AA40F500760134 /* CounterUITests.xctest */,
			);
			name = Products;
			sourceTree = "<group>";
		};
		AE2D7DD120AA40F300760134 /* Counter */ = {
			isa = PBXGroup;
			children = (
				AEF497D520ACA7E6002316C1 /* Persistence */,
				AEAD728020AB52BF005CD4E0 /* Domain */,
				AEAD727820AB43FF005CD4E0 /* Application.swift */,
				AE2D7DD220AA40F300760134 /* AppDelegate.swift */,
				AE2D7DD920AA40F500760134 /* Assets.xcassets */,
				AE2D7DDB20AA40F500760134 /* LaunchScreen.storyboard */,
				AE2D7DDE20AA40F500760134 /* Info.plist */,
				DE99C109441FAFB69F3C0CD7 /* Presentation */,
				AEF497CF20ABB735002316C1 /* main.swift */,
			);
			path = Counter;
			sourceTree = "<group>";
		};
		AE2D7DE620AA40F500760134 /* CounterTests */ = {
			isa = PBXGroup;
			children = (
				AEF497CA20ABB251002316C1 /* Presentation */,
				AEF497C720ABB1DC002316C1 /* Domain */,
				AE2D7DE920AA40F500760134 /* Info.plist */,
				AEF497D320ABB7B2002316C1 /* TestingAppDelegate.swift */,
			);
			path = CounterTests;
			sourceTree = "<group>";
		};
		AE2D7DF120AA40F500760134 /* CounterUITests */ = {
			isa = PBXGroup;
			children = (
				AE2D7DF220AA40F500760134 /* CounterUITests.swift */,
				AE2D7DF420AA40F500760134 /* Info.plist */,
			);
			path = CounterUITests;
			sourceTree = "<group>";
		};
		AEAD728020AB52BF005CD4E0 /* Domain */ = {
			isa = PBXGroup;
			children = (
				AEAD728320AB6493005CD4E0 /* Counter.swift */,
				AEF497D820AD091A002316C1 /* PersistCountSink.swift */,
			);
			path = Domain;
			sourceTree = "<group>";
		};
		AEF497C720ABB1DC002316C1 /* Domain */ = {
			isa = PBXGroup;
			children = (
				AEF497C820ABB1E9002316C1 /* CounterSpec.swift */,
			);
			path = Domain;
			sourceTree = "<group>";
		};
		AEF497CA20ABB251002316C1 /* Presentation */ = {
			isa = PBXGroup;
			children = (
				AEF497CB20ABB27A002316C1 /* CounterViewControllerSpec.swift */,
				AEF497CD20ABB4B8002316C1 /* CountViewControllerSpec.swift */,
			);
			path = Presentation;
			sourceTree = "<group>";
		};
		AEF497D520ACA7E6002316C1 /* Persistence */ = {
			isa = PBXGroup;
			children = (
				AEF497D620ACA7F5002316C1 /* CountRepository.swift */,
			);
			path = Persistence;
			sourceTree = "<group>";
		};
		B4EA7813FBB4AE3A8C215A1D /* Frameworks */ = {
			isa = PBXGroup;
			children = (
				E3EAA482E5497CFA3371317D /* Pods_Counter.framework */,
				04856ED54B81A44A4BFDE8EE /* Pods_CounterTests.framework */,
				3F0DCAFBD93CB198F4271DD4 /* Pods_CounterUITests.framework */,
			);
			name = Frameworks;
			sourceTree = "<group>";
		};
		DE99C109441FAFB69F3C0CD7 /* Presentation */ = {
			isa = PBXGroup;
			children = (
				DE99C3068B0D4A54CDE63628 /* CounterView.xib */,
				DE99C33E9C44E2F5E7D8516C /* CountView.xib */,
				DE99CC380F20FF2B82A40B2D /* CountViewController.swift */,
				DE99CB21816E906A6F3516E3 /* CounterViewController.swift */,
				DE99C84911D384130DAE142A /* Navigator.swift */,
			);
			path = Presentation;
			sourceTree = "<group>";
		};
		FDF7E1D0433DE47CCB0B556E /* Pods */ = {
			isa = PBXGroup;
			children = (
				6A346816EECBCF31F23471A9 /* Pods-Counter.debug.xcconfig */,
				78B7DFCB4F3693D9DF17D3AB /* Pods-Counter.release.xcconfig */,
				D41B5367B5A600BB2BB7861B /* Pods-CounterTests.debug.xcconfig */,
				FD175E6925174079C3D16BBC /* Pods-CounterTests.release.xcconfig */,
				FEB6D6B2F9A27AFFB6CB1118 /* Pods-CounterUITests.debug.xcconfig */,
				1484AF7FD91581CAC834A1B4 /* Pods-CounterUITests.release.xcconfig */,
			);
			name = Pods;
			sourceTree = "<group>";
		};
/* End PBXGroup section */

/* Begin PBXNativeTarget section */
		AE2D7DCE20AA40F300760134 /* Counter */ = {
			isa = PBXNativeTarget;
			buildConfigurationList = AE2D7DF720AA40F500760134 /* Build configuration list for PBXNativeTarget "Counter" */;
			buildPhases = (
				5D5487FD0F25E84A1D714FEE /* [CP] Check Pods Manifest.lock */,
				AE2D7DCB20AA40F300760134 /* Sources */,
				AE2D7DCC20AA40F300760134 /* Frameworks */,
				AE2D7DCD20AA40F300760134 /* Resources */,
				B98C2DF7752CA98575E6E5C1 /* [CP] Embed Pods Frameworks */,
			);
			buildRules = (
			);
			dependencies = (
			);
			name = Counter;
			productName = Counter;
			productReference = AE2D7DCF20AA40F300760134 /* Counter.app */;
			productType = "com.apple.product-type.application";
		};
		AE2D7DE220AA40F500760134 /* CounterTests */ = {
			isa = PBXNativeTarget;
			buildConfigurationList = AE2D7DFA20AA40F500760134 /* Build configuration list for PBXNativeTarget "CounterTests" */;
			buildPhases = (
				F8E0AA8F0128EC38658EB02B /* [CP] Check Pods Manifest.lock */,
				AE2D7DDF20AA40F500760134 /* Sources */,
				AE2D7DE020AA40F500760134 /* Frameworks */,
				AE2D7DE120AA40F500760134 /* Resources */,
				814AD46C2935F56A781B9F5F /* [CP] Embed Pods Frameworks */,
			);
			buildRules = (
			);
			dependencies = (
				AE2D7DE520AA40F500760134 /* PBXTargetDependency */,
			);
			name = CounterTests;
			productName = CounterTests;
			productReference = AE2D7DE320AA40F500760134 /* CounterTests.xctest */;
			productType = "com.apple.product-type.bundle.unit-test";
		};
		AE2D7DED20AA40F500760134 /* CounterUITests */ = {
			isa = PBXNativeTarget;
			buildConfigurationList = AE2D7DFD20AA40F500760134 /* Build configuration list for PBXNativeTarget "CounterUITests" */;
			buildPhases = (
				6EBDBFD0BEC28DF10BB2FDC1 /* [CP] Check Pods Manifest.lock */,
				AE2D7DEA20AA40F500760134 /* Sources */,
				AE2D7DEB20AA40F500760134 /* Frameworks */,
				AE2D7DEC20AA40F500760134 /* Resources */,
			);
			buildRules = (
			);
			dependencies = (
				AE2D7DF020AA40F500760134 /* PBXTargetDependency */,
			);
			name = CounterUITests;
			productName = CounterUITests;
			productReference = AE2D7DEE20AA40F500760134 /* CounterUITests.xctest */;
			productType = "com.apple.product-type.bundle.ui-testing";
		};
/* End PBXNativeTarget section */

/* Begin PBXProject section */
		AE2D7DC720AA40F300760134 /* Project object */ = {
			isa = PBXProject;
			attributes = {
				LastSwiftUpdateCheck = 0930;
				LastUpgradeCheck = 0930;
				ORGANIZATIONNAME = Pivotal;
				TargetAttributes = {
					AE2D7DCE20AA40F300760134 = {
						CreatedOnToolsVersion = 9.3.1;
					};
					AE2D7DE220AA40F500760134 = {
						CreatedOnToolsVersion = 9.3.1;
						TestTargetID = AE2D7DCE20AA40F300760134;
					};
					AE2D7DED20AA40F500760134 = {
						CreatedOnToolsVersion = 9.3.1;
						TestTargetID = AE2D7DCE20AA40F300760134;
					};
				};
			};
			buildConfigurationList = AE2D7DCA20AA40F300760134 /* Build configuration list for PBXProject "Counter" */;
			compatibilityVersion = "Xcode 9.3";
			developmentRegion = en;
			hasScannedForEncodings = 0;
			knownRegions = (
				en,
				Base,
			);
			mainGroup = AE2D7DC620AA40F300760134;
			productRefGroup = AE2D7DD020AA40F300760134 /* Products */;
			projectDirPath = "";
			projectRoot = "";
			targets = (
				AE2D7DCE20AA40F300760134 /* Counter */,
				AE2D7DE220AA40F500760134 /* CounterTests */,
				AE2D7DED20AA40F500760134 /* CounterUITests */,
			);
		};
/* End PBXProject section */

/* Begin PBXResourcesBuildPhase section */
		AE2D7DCD20AA40F300760134 /* Resources */ = {
			isa = PBXResourcesBuildPhase;
			buildActionMask = 2147483647;
			files = (
				AE2D7DDD20AA40F500760134 /* LaunchScreen.storyboard in Resources */,
				AE2D7DDA20AA40F500760134 /* Assets.xcassets in Resources */,
				DE99CFA98D75C5C212E647CE /* CounterView.xib in Resources */,
				DE99CA3F492EB320B8A74593 /* CountView.xib in Resources */,
			);
			runOnlyForDeploymentPostprocessing = 0;
		};
		AE2D7DE120AA40F500760134 /* Resources */ = {
			isa = PBXResourcesBuildPhase;
			buildActionMask = 2147483647;
			files = (
				DE99C2D0FFC435FEE2602A4A /* CounterView.xib in Resources */,
				DE99C045AF4314FA5CFC9FEE /* CountView.xib in Resources */,
			);
			runOnlyForDeploymentPostprocessing = 0;
		};
		AE2D7DEC20AA40F500760134 /* Resources */ = {
			isa = PBXResourcesBuildPhase;
			buildActionMask = 2147483647;
			files = (
			);
			runOnlyForDeploymentPostprocessing = 0;
		};
/* End PBXResourcesBuildPhase section */

/* Begin PBXShellScriptBuildPhase section */
		5D5487FD0F25E84A1D714FEE /* [CP] Check Pods Manifest.lock */ = {
			isa = PBXShellScriptBuildPhase;
			buildActionMask = 2147483647;
			files = (
			);
			inputPaths = (
				"${PODS_PODFILE_DIR_PATH}/Podfile.lock",
				"${PODS_ROOT}/Manifest.lock",
			);
			name = "[CP] Check Pods Manifest.lock";
			outputPaths = (
				"$(DERIVED_FILE_DIR)/Pods-Counter-checkManifestLockResult.txt",
			);
			runOnlyForDeploymentPostprocessing = 0;
			shellPath = /bin/sh;
			shellScript = "diff \"${PODS_PODFILE_DIR_PATH}/Podfile.lock\" \"${PODS_ROOT}/Manifest.lock\" > /dev/null\nif [ $? != 0 ] ; then\n    # print error to STDERR\n    echo \"error: The sandbox is not in sync with the Podfile.lock. Run 'pod install' or update your CocoaPods installation.\" >&2\n    exit 1\nfi\n# This output is used by Xcode 'outputs' to avoid re-running this script phase.\necho \"SUCCESS\" > \"${SCRIPT_OUTPUT_FILE_0}\"\n";
			showEnvVarsInLog = 0;
		};
		6EBDBFD0BEC28DF10BB2FDC1 /* [CP] Check Pods Manifest.lock */ = {
			isa = PBXShellScriptBuildPhase;
			buildActionMask = 2147483647;
			files = (
			);
			inputPaths = (
				"${PODS_PODFILE_DIR_PATH}/Podfile.lock",
				"${PODS_ROOT}/Manifest.lock",
			);
			name = "[CP] Check Pods Manifest.lock";
			outputPaths = (
				"$(DERIVED_FILE_DIR)/Pods-CounterUITests-checkManifestLockResult.txt",
			);
			runOnlyForDeploymentPostprocessing = 0;
			shellPath = /bin/sh;
			shellScript = "diff \"${PODS_PODFILE_DIR_PATH}/Podfile.lock\" \"${PODS_ROOT}/Manifest.lock\" > /dev/null\nif [ $? != 0 ] ; then\n    # print error to STDERR\n    echo \"error: The sandbox is not in sync with the Podfile.lock. Run 'pod install' or update your CocoaPods installation.\" >&2\n    exit 1\nfi\n# This output is used by Xcode 'outputs' to avoid re-running this script phase.\necho \"SUCCESS\" > \"${SCRIPT_OUTPUT_FILE_0}\"\n";
			showEnvVarsInLog = 0;
		};
		814AD46C2935F56A781B9F5F /* [CP] Embed Pods Frameworks */ = {
			isa = PBXShellScriptBuildPhase;
			buildActionMask = 2147483647;
			files = (
			);
			inputPaths = (
				"${SRCROOT}/Pods/Target Support Files/Pods-CounterTests/Pods-CounterTests-frameworks.sh",
				"${BUILT_PRODUCTS_DIR}/Nimble/Nimble.framework",
				"${BUILT_PRODUCTS_DIR}/Quick/Quick.framework",
			);
			name = "[CP] Embed Pods Frameworks";
			outputPaths = (
				"${TARGET_BUILD_DIR}/${FRAMEWORKS_FOLDER_PATH}/Nimble.framework",
				"${TARGET_BUILD_DIR}/${FRAMEWORKS_FOLDER_PATH}/Quick.framework",
			);
			runOnlyForDeploymentPostprocessing = 0;
			shellPath = /bin/sh;
			shellScript = "\"${SRCROOT}/Pods/Target Support Files/Pods-CounterTests/Pods-CounterTests-frameworks.sh\"\n";
			showEnvVarsInLog = 0;
		};
		B98C2DF7752CA98575E6E5C1 /* [CP] Embed Pods Frameworks */ = {
			isa = PBXShellScriptBuildPhase;
			buildActionMask = 2147483647;
			files = (
			);
			inputPaths = (
				"${SRCROOT}/Pods/Target Support Files/Pods-Counter/Pods-Counter-frameworks.sh",
				"${BUILT_PRODUCTS_DIR}/Realm/Realm.framework",
				"${BUILT_PRODUCTS_DIR}/RealmSwift/RealmSwift.framework",
				"${BUILT_PRODUCTS_DIR}/RxCocoa/RxCocoa.framework",
				"${BUILT_PRODUCTS_DIR}/RxRealm/RxRealm.framework",
				"${BUILT_PRODUCTS_DIR}/RxSwift/RxSwift.framework",
			);
			name = "[CP] Embed Pods Frameworks";
			outputPaths = (
				"${TARGET_BUILD_DIR}/${FRAMEWORKS_FOLDER_PATH}/Realm.framework",
				"${TARGET_BUILD_DIR}/${FRAMEWORKS_FOLDER_PATH}/RealmSwift.framework",
				"${TARGET_BUILD_DIR}/${FRAMEWORKS_FOLDER_PATH}/RxCocoa.framework",
				"${TARGET_BUILD_DIR}/${FRAMEWORKS_FOLDER_PATH}/RxRealm.framework",
				"${TARGET_BUILD_DIR}/${FRAMEWORKS_FOLDER_PATH}/RxSwift.framework",
			);
			runOnlyForDeploymentPostprocessing = 0;
			shellPath = /bin/sh;
			shellScript = "\"${SRCROOT}/Pods/Target Support Files/Pods-Counter/Pods-Counter-frameworks.sh\"\n";
			showEnvVarsInLog = 0;
		};
		F8E0AA8F0128EC38658EB02B /* [CP] Check Pods Manifest.lock */ = {
			isa = PBXShellScriptBuildPhase;
			buildActionMask = 2147483647;
			files = (
			);
			inputPaths = (
				"${PODS_PODFILE_DIR_PATH}/Podfile.lock",
				"${PODS_ROOT}/Manifest.lock",
			);
			name = "[CP] Check Pods Manifest.lock";
			outputPaths = (
				"$(DERIVED_FILE_DIR)/Pods-CounterTests-checkManifestLockResult.txt",
			);
			runOnlyForDeploymentPostprocessing = 0;
			shellPath = /bin/sh;
			shellScript = "diff \"${PODS_PODFILE_DIR_PATH}/Podfile.lock\" \"${PODS_ROOT}/Manifest.lock\" > /dev/null\nif [ $? != 0 ] ; then\n    # print error to STDERR\n    echo \"error: The sandbox is not in sync with the Podfile.lock. Run 'pod install' or update your CocoaPods installation.\" >&2\n    exit 1\nfi\n# This output is used by Xcode 'outputs' to avoid re-running this script phase.\necho \"SUCCESS\" > \"${SCRIPT_OUTPUT_FILE_0}\"\n";
			showEnvVarsInLog = 0;
		};
/* End PBXShellScriptBuildPhase section */

/* Begin PBXSourcesBuildPhase section */
		AE2D7DCB20AA40F300760134 /* Sources */ = {
			isa = PBXSourcesBuildPhase;
			buildActionMask = 2147483647;
			files = (
				AEAD728420AB6493005CD4E0 /* Counter.swift in Sources */,
				AEF497D720ACA7F5002316C1 /* CountRepository.swift in Sources */,
				AEF497D020ABB735002316C1 /* main.swift in Sources */,
				AEAD727920AB43FF005CD4E0 /* Application.swift in Sources */,
				AE2D7DD320AA40F300760134 /* AppDelegate.swift in Sources */,
				DE99CF154C21DA45C7D7874D /* CountViewController.swift in Sources */,
				DE99C3B7E6F60917088FEA0B /* CounterViewController.swift in Sources */,
				DE99C586DEF24F7FCE60AB51 /* Navigator.swift in Sources */,
				AEF497D920AD091A002316C1 /* PersistCountSink.swift in Sources */,
			);
			runOnlyForDeploymentPostprocessing = 0;
		};
		AE2D7DDF20AA40F500760134 /* Sources */ = {
			isa = PBXSourcesBuildPhase;
			buildActionMask = 2147483647;
			files = (
				AEF497D420ABB7B2002316C1 /* TestingAppDelegate.swift in Sources */,
				AEF497CC20ABB27A002316C1 /* CounterViewControllerSpec.swift in Sources */,
				AEF497C920ABB1E9002316C1 /* CounterSpec.swift in Sources */,
				AEF497CE20ABB4B8002316C1 /* CountViewControllerSpec.swift in Sources */,
			);
			runOnlyForDeploymentPostprocessing = 0;
		};
		AE2D7DEA20AA40F500760134 /* Sources */ = {
			isa = PBXSourcesBuildPhase;
			buildActionMask = 2147483647;
			files = (
				AE2D7DF320AA40F500760134 /* CounterUITests.swift in Sources */,
			);
			runOnlyForDeploymentPostprocessing = 0;
		};
/* End PBXSourcesBuildPhase section */

/* Begin PBXTargetDependency section */
		AE2D7DE520AA40F500760134 /* PBXTargetDependency */ = {
			isa = PBXTargetDependency;
			target = AE2D7DCE20AA40F300760134 /* Counter */;
			targetProxy = AE2D7DE420AA40F500760134 /* PBXContainerItemProxy */;
		};
		AE2D7DF020AA40F500760134 /* PBXTargetDependency */ = {
			isa = PBXTargetDependency;
			target = AE2D7DCE20AA40F300760134 /* Counter */;
			targetProxy = AE2D7DEF20AA40F500760134 /* PBXContainerItemProxy */;
		};
/* End PBXTargetDependency section */

/* Begin PBXVariantGroup section */
		AE2D7DDB20AA40F500760134 /* LaunchScreen.storyboard */ = {
			isa = PBXVariantGroup;
			children = (
				AE2D7DDC20AA40F500760134 /* Base */,
			);
			name = LaunchScreen.storyboard;
			sourceTree = "<group>";
		};
/* End PBXVariantGroup section */

/* Begin XCBuildConfiguration section */
		AE2D7DF520AA40F500760134 /* Debug */ = {
			isa = XCBuildConfiguration;
			buildSettings = {
				ALWAYS_SEARCH_USER_PATHS = NO;
				CLANG_ANALYZER_NONNULL = YES;
				CLANG_ANALYZER_NUMBER_OBJECT_CONVERSION = YES_AGGRESSIVE;
				CLANG_CXX_LANGUAGE_STANDARD = "gnu++14";
				CLANG_CXX_LIBRARY = "libc++";
				CLANG_ENABLE_MODULES = YES;
				CLANG_ENABLE_OBJC_ARC = YES;
				CLANG_ENABLE_OBJC_WEAK = YES;
				CLANG_WARN_BLOCK_CAPTURE_AUTORELEASING = YES;
				CLANG_WARN_BOOL_CONVERSION = YES;
				CLANG_WARN_COMMA = YES;
				CLANG_WARN_CONSTANT_CONVERSION = YES;
				CLANG_WARN_DEPRECATED_OBJC_IMPLEMENTATIONS = YES;
				CLANG_WARN_DIRECT_OBJC_ISA_USAGE = YES_ERROR;
				CLANG_WARN_DOCUMENTATION_COMMENTS = YES;
				CLANG_WARN_EMPTY_BODY = YES;
				CLANG_WARN_ENUM_CONVERSION = YES;
				CLANG_WARN_INFINITE_RECURSION = YES;
				CLANG_WARN_INT_CONVERSION = YES;
				CLANG_WARN_NON_LITERAL_NULL_CONVERSION = YES;
				CLANG_WARN_OBJC_IMPLICIT_RETAIN_SELF = YES;
				CLANG_WARN_OBJC_LITERAL_CONVERSION = YES;
				CLANG_WARN_OBJC_ROOT_CLASS = YES_ERROR;
				CLANG_WARN_RANGE_LOOP_ANALYSIS = YES;
				CLANG_WARN_STRICT_PROTOTYPES = YES;
				CLANG_WARN_SUSPICIOUS_MOVE = YES;
				CLANG_WARN_UNGUARDED_AVAILABILITY = YES_AGGRESSIVE;
				CLANG_WARN_UNREACHABLE_CODE = YES;
				CLANG_WARN__DUPLICATE_METHOD_MATCH = YES;
				CODE_SIGN_IDENTITY = "iPhone Developer";
				COPY_PHASE_STRIP = NO;
				DEBUG_INFORMATION_FORMAT = dwarf;
				ENABLE_STRICT_OBJC_MSGSEND = YES;
				ENABLE_TESTABILITY = YES;
				GCC_C_LANGUAGE_STANDARD = gnu11;
				GCC_DYNAMIC_NO_PIC = NO;
				GCC_NO_COMMON_BLOCKS = YES;
				GCC_OPTIMIZATION_LEVEL = 0;
				GCC_PREPROCESSOR_DEFINITIONS = (
					"DEBUG=1",
					"$(inherited)",
				);
				GCC_WARN_64_TO_32_BIT_CONVERSION = YES;
				GCC_WARN_ABOUT_RETURN_TYPE = YES_ERROR;
				GCC_WARN_UNDECLARED_SELECTOR = YES;
				GCC_WARN_UNINITIALIZED_AUTOS = YES_AGGRESSIVE;
				GCC_WARN_UNUSED_FUNCTION = YES;
				GCC_WARN_UNUSED_VARIABLE = YES;
				IPHONEOS_DEPLOYMENT_TARGET = 11.3;
				MTL_ENABLE_DEBUG_INFO = YES;
				ONLY_ACTIVE_ARCH = YES;
				SDKROOT = iphoneos;
				SWIFT_ACTIVE_COMPILATION_CONDITIONS = DEBUG;
				SWIFT_OPTIMIZATION_LEVEL = "-Onone";
			};
			name = Debug;
		};
		AE2D7DF620AA40F500760134 /* Release */ = {
			isa = XCBuildConfiguration;
			buildSettings = {
				ALWAYS_SEARCH_USER_PATHS = NO;
				CLANG_ANALYZER_NONNULL = YES;
				CLANG_ANALYZER_NUMBER_OBJECT_CONVERSION = YES_AGGRESSIVE;
				CLANG_CXX_LANGUAGE_STANDARD = "gnu++14";
				CLANG_CXX_LIBRARY = "libc++";
				CLANG_ENABLE_MODULES = YES;
				CLANG_ENABLE_OBJC_ARC = YES;
				CLANG_ENABLE_OBJC_WEAK = YES;
				CLANG_WARN_BLOCK_CAPTURE_AUTORELEASING = YES;
				CLANG_WARN_BOOL_CONVERSION = YES;
				CLANG_WARN_COMMA = YES;
				CLANG_WARN_CONSTANT_CONVERSION = YES;
				CLANG_WARN_DEPRECATED_OBJC_IMPLEMENTATIONS = YES;
				CLANG_WARN_DIRECT_OBJC_ISA_USAGE = YES_ERROR;
				CLANG_WARN_DOCUMENTATION_COMMENTS = YES;
				CLANG_WARN_EMPTY_BODY = YES;
				CLANG_WARN_ENUM_CONVERSION = YES;
				CLANG_WARN_INFINITE_RECURSION = YES;
				CLANG_WARN_INT_CONVERSION = YES;
				CLANG_WARN_NON_LITERAL_NULL_CONVERSION = YES;
				CLANG_WARN_OBJC_IMPLICIT_RETAIN_SELF = YES;
				CLANG_WARN_OBJC_LITERAL_CONVERSION = YES;
				CLANG_WARN_OBJC_ROOT_CLASS = YES_ERROR;
				CLANG_WARN_RANGE_LOOP_ANALYSIS = YES;
				CLANG_WARN_STRICT_PROTOTYPES = YES;
				CLANG_WARN_SUSPICIOUS_MOVE = YES;
				CLANG_WARN_UNGUARDED_AVAILABILITY = YES_AGGRESSIVE;
				CLANG_WARN_UNREACHABLE_CODE = YES;
				CLANG_WARN__DUPLICATE_METHOD_MATCH = YES;
				CODE_SIGN_IDENTITY = "iPhone Developer";
				COPY_PHASE_STRIP = NO;
				DEBUG_INFORMATION_FORMAT = "dwarf-with-dsym";
				ENABLE_NS_ASSERTIONS = NO;
				ENABLE_STRICT_OBJC_MSGSEND = YES;
				GCC_C_LANGUAGE_STANDARD = gnu11;
				GCC_NO_COMMON_BLOCKS = YES;
				GCC_WARN_64_TO_32_BIT_CONVERSION = YES;
				GCC_WARN_ABOUT_RETURN_TYPE = YES_ERROR;
				GCC_WARN_UNDECLARED_SELECTOR = YES;
				GCC_WARN_UNINITIALIZED_AUTOS = YES_AGGRESSIVE;
				GCC_WARN_UNUSED_FUNCTION = YES;
				GCC_WARN_UNUSED_VARIABLE = YES;
				IPHONEOS_DEPLOYMENT_TARGET = 11.3;
				MTL_ENABLE_DEBUG_INFO = NO;
				SDKROOT = iphoneos;
				SWIFT_COMPILATION_MODE = wholemodule;
				SWIFT_OPTIMIZATION_LEVEL = "-O";
				VALIDATE_PRODUCT = YES;
			};
			name = Release;
		};
		AE2D7DF820AA40F500760134 /* Debug */ = {
			isa = XCBuildConfiguration;
			baseConfigurationReference = 6A346816EECBCF31F23471A9 /* Pods-Counter.debug.xcconfig */;
			buildSettings = {
				ASSETCATALOG_COMPILER_APPICON_NAME = AppIcon;
				CODE_SIGN_STYLE = Automatic;
				INFOPLIST_FILE = Counter/Info.plist;
				LD_RUNPATH_SEARCH_PATHS = (
					"$(inherited)",
					"@executable_path/Frameworks",
				);
				PRODUCT_BUNDLE_IDENTIFIER = com.frs.Counter;
				PRODUCT_NAME = "$(TARGET_NAME)";
				SWIFT_VERSION = 4.0;
				TARGETED_DEVICE_FAMILY = "1,2";
			};
			name = Debug;
		};
		AE2D7DF920AA40F500760134 /* Release */ = {
			isa = XCBuildConfiguration;
			baseConfigurationReference = 78B7DFCB4F3693D9DF17D3AB /* Pods-Counter.release.xcconfig */;
			buildSettings = {
				ASSETCATALOG_COMPILER_APPICON_NAME = AppIcon;
				CODE_SIGN_STYLE = Automatic;
				INFOPLIST_FILE = Counter/Info.plist;
				LD_RUNPATH_SEARCH_PATHS = (
					"$(inherited)",
					"@executable_path/Frameworks",
				);
				PRODUCT_BUNDLE_IDENTIFIER = com.frs.Counter;
				PRODUCT_NAME = "$(TARGET_NAME)";
				SWIFT_VERSION = 4.0;
				TARGETED_DEVICE_FAMILY = "1,2";
			};
			name = Release;
		};
		AE2D7DFB20AA40F500760134 /* Debug */ = {
			isa = XCBuildConfiguration;
			baseConfigurationReference = D41B5367B5A600BB2BB7861B /* Pods-CounterTests.debug.xcconfig */;
			buildSettings = {
				ALWAYS_EMBED_SWIFT_STANDARD_LIBRARIES = YES;
				BUNDLE_LOADER = "$(TEST_HOST)";
				CODE_SIGN_STYLE = Automatic;
				INFOPLIST_FILE = CounterTests/Info.plist;
				LD_RUNPATH_SEARCH_PATHS = (
					"$(inherited)",
					"@executable_path/Frameworks",
					"@loader_path/Frameworks",
				);
				PRODUCT_BUNDLE_IDENTIFIER = com.frs.CounterTests;
				PRODUCT_NAME = "$(TARGET_NAME)";
				SWIFT_VERSION = 4.0;
				TARGETED_DEVICE_FAMILY = "1,2";
				TEST_HOST = "$(BUILT_PRODUCTS_DIR)/Counter.app/Counter";
			};
			name = Debug;
		};
		AE2D7DFC20AA40F500760134 /* Release */ = {
			isa = XCBuildConfiguration;
			baseConfigurationReference = FD175E6925174079C3D16BBC /* Pods-CounterTests.release.xcconfig */;
			buildSettings = {
				ALWAYS_EMBED_SWIFT_STANDARD_LIBRARIES = YES;
				BUNDLE_LOADER = "$(TEST_HOST)";
				CODE_SIGN_STYLE = Automatic;
				INFOPLIST_FILE = CounterTests/Info.plist;
				LD_RUNPATH_SEARCH_PATHS = (
					"$(inherited)",
					"@executable_path/Frameworks",
					"@loader_path/Frameworks",
				);
				PRODUCT_BUNDLE_IDENTIFIER = com.frs.CounterTests;
				PRODUCT_NAME = "$(TARGET_NAME)";
				SWIFT_VERSION = 4.0;
				TARGETED_DEVICE_FAMILY = "1,2";
				TEST_HOST = "$(BUILT_PRODUCTS_DIR)/Counter.app/Counter";
			};
			name = Release;
		};
		AE2D7DFE20AA40F500760134 /* Debug */ = {
			isa = XCBuildConfiguration;
			baseConfigurationReference = FEB6D6B2F9A27AFFB6CB1118 /* Pods-CounterUITests.debug.xcconfig */;
			buildSettings = {
				ALWAYS_EMBED_SWIFT_STANDARD_LIBRARIES = YES;
				CODE_SIGN_STYLE = Automatic;
				INFOPLIST_FILE = CounterUITests/Info.plist;
				LD_RUNPATH_SEARCH_PATHS = (
					"$(inherited)",
					"@executable_path/Frameworks",
					"@loader_path/Frameworks",
				);
				PRODUCT_BUNDLE_IDENTIFIER = com.frs.CounterUITests;
				PRODUCT_NAME = "$(TARGET_NAME)";
				SWIFT_VERSION = 4.0;
				TARGETED_DEVICE_FAMILY = "1,2";
				TEST_TARGET_NAME = Counter;
			};
			name = Debug;
		};
		AE2D7DFF20AA40F500760134 /* Release */ = {
			isa = XCBuildConfiguration;
			baseConfigurationReference = 1484AF7FD91581CAC834A1B4 /* Pods-CounterUITests.release.xcconfig */;
			buildSettings = {
				ALWAYS_EMBED_SWIFT_STANDARD_LIBRARIES = YES;
				CODE_SIGN_STYLE = Automatic;
				INFOPLIST_FILE = CounterUITests/Info.plist;
				LD_RUNPATH_SEARCH_PATHS = (
					"$(inherited)",
					"@executable_path/Frameworks",
					"@loader_path/Frameworks",
				);
				PRODUCT_BUNDLE_IDENTIFIER = com.frs.CounterUITests;
				PRODUCT_NAME = "$(TARGET_NAME)";
				SWIFT_VERSION = 4.0;
				TARGETED_DEVICE_FAMILY = "1,2";
				TEST_TARGET_NAME = Counter;
			};
			name = Release;
		};
/* End XCBuildConfiguration section */

/* Begin XCConfigurationList section */
		AE2D7DCA20AA40F300760134 /* Build configuration list for PBXProject "Counter" */ = {
			isa = XCConfigurationList;
			buildConfigurations = (
				AE2D7DF520AA40F500760134 /* Debug */,
				AE2D7DF620AA40F500760134 /* Release */,
			);
			defaultConfigurationIsVisible = 0;
			defaultConfigurationName = Release;
		};
		AE2D7DF720AA40F500760134 /* Build configuration list for PBXNativeTarget "Counter" */ = {
			isa = XCConfigurationList;
			buildConfigurations = (
				AE2D7DF820AA40F500760134 /* Debug */,
				AE2D7DF920AA40F500760134 /* Release */,
			);
			defaultConfigurationIsVisible = 0;
			defaultConfigurationName = Release;
		};
		AE2D7DFA20AA40F500760134 /* Build configuration list for PBXNativeTarget "CounterTests" */ = {
			isa = XCConfigurationList;
			buildConfigurations = (
				AE2D7DFB20AA40F500760134 /* Debug */,
				AE2D7DFC20AA40F500760134 /* Release */,
			);
			defaultConfigurationIsVisible = 0;
			defaultConfigurationName = Release;
		};
		AE2D7DFD20AA40F500760134 /* Build configuration list for PBXNativeTarget "CounterUITests" */ = {
			isa = XCConfigurationList;
			buildConfigurations = (
				AE2D7DFE20AA40F500760134 /* Debug */,
				AE2D7DFF20AA40F500760134 /* Release */,
			);
			defaultConfigurationIsVisible = 0;
			defaultConfigurationName = Release;
		};
/* End XCConfigurationList section */
	};
	rootObject = AE2D7DC720AA40F300760134 /* Project object */;
}
