// !$*UTF8*$!
{
	archiveVersion = 1;
	classes = {
	};
	objectVersion = 46;
	objects = {

/* Begin PBXBuildFile section */
		67032B05352A7B13605A17E1 /* Pods_Operation.framework in Frameworks */ = {isa = PBXBuildFile; fileRef = 841BB44D3B24BF645ADC653A /* Pods_Operation.framework */; };
		DE99CE6CAA50E6A73CE4791F /* main.swift in Sources */ = {isa = PBXBuildFile; fileRef = DE99C78E847EF6399C7F6168 /* main.swift */; };
/* End PBXBuildFile section */

/* Begin PBXCopyFilesBuildPhase section */
		DE99C7F719B7455A4723C24F /* CopyFiles */ = {
			isa = PBXCopyFilesBuildPhase;
			buildActionMask = 2147483647;
			dstPath = /usr/share/man/man1/;
			dstSubfolderSpec = 0;
			files = (
			);
			runOnlyForDeploymentPostprocessing = 1;
		};
/* End PBXCopyFilesBuildPhase section */

/* Begin PBXFileReference section */
		70D62E90D0A5C3B3CB7782B1 /* Pods-Operation.release.xcconfig */ = {isa = PBXFileReference; includeInIndex = 1; lastKnownFileType = text.xcconfig; name = "Pods-Operation.release.xcconfig"; path = "Pods/Target Support Files/Pods-Operation/Pods-Operation.release.xcconfig"; sourceTree = "<group>"; };
		841BB44D3B24BF645ADC653A /* Pods_Operation.framework */ = {isa = PBXFileReference; explicitFileType = wrapper.framework; includeInIndex = 0; path = Pods_Operation.framework; sourceTree = BUILT_PRODUCTS_DIR; };
		937675EC9C84CB69A6DB6E1D /* Pods-Operation.debug.xcconfig */ = {isa = PBXFileReference; includeInIndex = 1; lastKnownFileType = text.xcconfig; name = "Pods-Operation.debug.xcconfig"; path = "Pods/Target Support Files/Pods-Operation/Pods-Operation.debug.xcconfig"; sourceTree = "<group>"; };
		DE99C78E847EF6399C7F6168 /* main.swift */ = {isa = PBXFileReference; lastKnownFileType = sourcecode.swift; path = main.swift; sourceTree = "<group>"; };
		DE99CBF62C28FD72A31AC8B1 /* Operation */ = {isa = PBXFileReference; explicitFileType = "compiled.mach-o.executable"; includeInIndex = 0; path = Operation; sourceTree = BUILT_PRODUCTS_DIR; };
/* End PBXFileReference section */

/* Begin PBXFrameworksBuildPhase section */
		DE99C39B06307065333175EF /* Frameworks */ = {
			isa = PBXFrameworksBuildPhase;
			buildActionMask = 2147483647;
			files = (
				67032B05352A7B13605A17E1 /* Pods_Operation.framework in Frameworks */,
			);
			runOnlyForDeploymentPostprocessing = 0;
		};
/* End PBXFrameworksBuildPhase section */

/* Begin PBXGroup section */
		9FC9C56D26A2D7D0A3796287 /* Frameworks */ = {
			isa = PBXGroup;
			children = (
				841BB44D3B24BF645ADC653A /* Pods_Operation.framework */,
			);
			name = Frameworks;
			sourceTree = "<group>";
		};
		DE99C21E42AE04D2E9117C7E /* Products */ = {
			isa = PBXGroup;
			children = (
				DE99CBF62C28FD72A31AC8B1 /* Operation */,
			);
			name = Products;
			sourceTree = "<group>";
		};
		DE99C383D0C4D8E62664FBAB /* Operation */ = {
			isa = PBXGroup;
			children = (
				DE99C78E847EF6399C7F6168 /* main.swift */,
			);
			path = Operation;
			sourceTree = "<group>";
		};
		DE99CE46BBC2451A503DFB6A = {
			isa = PBXGroup;
			children = (
				DE99C21E42AE04D2E9117C7E /* Products */,
				DE99C383D0C4D8E62664FBAB /* Operation */,
				EE19D46DB4251A471DF8580A /* Pods */,
				9FC9C56D26A2D7D0A3796287 /* Frameworks */,
			);
			sourceTree = "<group>";
		};
		EE19D46DB4251A471DF8580A /* Pods */ = {
			isa = PBXGroup;
			children = (
				937675EC9C84CB69A6DB6E1D /* Pods-Operation.debug.xcconfig */,
				70D62E90D0A5C3B3CB7782B1 /* Pods-Operation.release.xcconfig */,
			);
			name = Pods;
			sourceTree = "<group>";
		};
/* End PBXGroup section */

/* Begin PBXNativeTarget section */
		DE99CD07E390052C32B1A277 /* Operation */ = {
			isa = PBXNativeTarget;
			buildConfigurationList = DE99C58AC43ED6B4FED93938 /* Build configuration list for PBXNativeTarget "Operation" */;
			buildPhases = (
				1A70A84C7F612E29BB11F675 /* [CP] Check Pods Manifest.lock */,
				DE99CAB4A3275278D6BB5D5D /* Sources */,
				DE99C39B06307065333175EF /* Frameworks */,
				DE99C7F719B7455A4723C24F /* CopyFiles */,
			);
			buildRules = (
			);
			dependencies = (
			);
			name = Operation;
			productName = Operation;
			productReference = DE99CBF62C28FD72A31AC8B1 /* Operation */;
			productType = "com.apple.product-type.tool";
		};
/* End PBXNativeTarget section */

/* Begin PBXProject section */
		DE99CFFD8E786777E27C56DD /* Project object */ = {
			isa = PBXProject;
			attributes = {
				ORGANIZATIONNAME = Pivotal;
			};
			buildConfigurationList = DE99C57C9BBF90243581A697 /* Build configuration list for PBXProject "Operation" */;
			compatibilityVersion = "Xcode 3.2";
			developmentRegion = English;
			hasScannedForEncodings = 0;
			knownRegions = (
				en,
			);
			mainGroup = DE99CE46BBC2451A503DFB6A;
			productRefGroup = DE99C21E42AE04D2E9117C7E /* Products */;
			projectDirPath = "";
			projectRoot = "";
			targets = (
				DE99CD07E390052C32B1A277 /* Operation */,
			);
		};
/* End PBXProject section */

/* Begin PBXShellScriptBuildPhase section */
		1A70A84C7F612E29BB11F675 /* [CP] Check Pods Manifest.lock */ = {
			isa = PBXShellScriptBuildPhase;
			buildActionMask = 2147483647;
			files = (
			);
			inputPaths = (
				"${PODS_PODFILE_DIR_PATH}/Podfile.lock",
				"${PODS_ROOT}/Manifest.lock",
			);
			name = "[CP] Check Pods Manifest.lock";
			outputPaths = (
				"$(DERIVED_FILE_DIR)/Pods-Operation-checkManifestLockResult.txt",
			);
			runOnlyForDeploymentPostprocessing = 0;
			shellPath = /bin/sh;
			shellScript = "diff \"${PODS_PODFILE_DIR_PATH}/Podfile.lock\" \"${PODS_ROOT}/Manifest.lock\" > /dev/null\nif [ $? != 0 ] ; then\n    # print error to STDERR\n    echo \"error: The sandbox is not in sync with the Podfile.lock. Run 'pod install' or update your CocoaPods installation.\" >&2\n    exit 1\nfi\n# This output is used by Xcode 'outputs' to avoid re-running this script phase.\necho \"SUCCESS\" > \"${SCRIPT_OUTPUT_FILE_0}\"\n";
			showEnvVarsInLog = 0;
		};
/* End PBXShellScriptBuildPhase section */

/* Begin PBXSourcesBuildPhase section */
		DE99CAB4A3275278D6BB5D5D /* Sources */ = {
			isa = PBXSourcesBuildPhase;
			buildActionMask = 2147483647;
			files = (
				DE99CE6CAA50E6A73CE4791F /* main.swift in Sources */,
			);
			runOnlyForDeploymentPostprocessing = 0;
		};
/* End PBXSourcesBuildPhase section */

/* Begin XCBuildConfiguration section */
		DE99C65B889959D92A135234 /* Debug */ = {
			isa = XCBuildConfiguration;
			buildSettings = {
				ALWAYS_SEARCH_USER_PATHS = NO;
				CLANG_ANALYZER_NONNULL = YES;
				CLANG_ANALYZER_NUMBER_OBJECT_CONVERSION = YES_AGGRESSIVE;
				CLANG_CXX_LANGUAGE_STANDARD = "gnu++14";
				CLANG_CXX_LIBRARY = "libc++";
				CLANG_ENABLE_MODULES = YES;
				CLANG_ENABLE_OBJC_ARC = YES;
				CLANG_ENABLE_OBJC_WEAK = YES;
				CLANG_WARN_BLOCK_CAPTURE_AUTORELEASING = YES;
				CLANG_WARN_BOOL_CONVERSION = YES;
				CLANG_WARN_COMMA = YES;
				CLANG_WARN_CONSTANT_CONVERSION = YES;
				CLANG_WARN_DEPRECATED_OBJC_IMPLEMENTATIONS = YES;
				CLANG_WARN_DIRECT_OBJC_ISA_USAGE = YES_ERROR;
				CLANG_WARN_DOCUMENTATION_COMMENTS = YES;
				CLANG_WARN_EMPTY_BODY = YES;
				CLANG_WARN_ENUM_CONVERSION = YES;
				CLANG_WARN_INFINITE_RECURSION = YES;
				CLANG_WARN_INT_CONVERSION = YES;
				CLANG_WARN_NON_LITERAL_NULL_CONVERSION = YES;
				CLANG_WARN_OBJC_IMPLICIT_RETAIN_SELF = YES;
				CLANG_WARN_OBJC_LITERAL_CONVERSION = YES;
				CLANG_WARN_OBJC_ROOT_CLASS = YES_ERROR;
				CLANG_WARN_RANGE_LOOP_ANALYSIS = YES;
				CLANG_WARN_STRICT_PROTOTYPES = YES;
				CLANG_WARN_SUSPICIOUS_MOVE = YES;
				CLANG_WARN_UNGUARDED_AVAILABILITY = YES_AGGRESSIVE;
				CLANG_WARN_UNREACHABLE_CODE = YES;
				CLANG_WARN__DUPLICATE_METHOD_MATCH = YES;
				CODE_SIGN_IDENTITY = "-";
				COPY_PHASE_STRIP = NO;
				DEBUG_INFORMATION_FORMAT = dwarf;
				ENABLE_STRICT_OBJC_MSGSEND = YES;
				ENABLE_TESTABILITY = YES;
				GCC_C_LANGUAGE_STANDARD = gnu11;
				GCC_DYNAMIC_NO_PIC = NO;
				GCC_NO_COMMON_BLOCKS = YES;
				GCC_OPTIMIZATION_LEVEL = 0;
				GCC_PREPROCESSOR_DEFINITIONS = (
					"DEBUG=1",
					"$(inherited)",
				);
				GCC_WARN_64_TO_32_BIT_CONVERSION = YES;
				GCC_WARN_ABOUT_RETURN_TYPE = YES_ERROR;
				GCC_WARN_UNDECLARED_SELECTOR = YES;
				GCC_WARN_UNINITIALIZED_AUTOS = YES_AGGRESSIVE;
				GCC_WARN_UNUSED_FUNCTION = YES;
				GCC_WARN_UNUSED_VARIABLE = YES;
				MACOSX_DEPLOYMENT_TARGET = 10.13;
				MTL_ENABLE_DEBUG_INFO = YES;
				ONLY_ACTIVE_ARCH = YES;
				SDKROOT = macosx;
				SWIFT_ACTIVE_COMPILATION_CONDITIONS = DEBUG;
				SWIFT_OPTIMIZATION_LEVEL = "-Onone";
			};
			name = Debug;
		};
		DE99C6D42DF3228053202B8B /* Release */ = {
			isa = XCBuildConfiguration;
			baseConfigurationReference = 70D62E90D0A5C3B3CB7782B1 /* Pods-Operation.release.xcconfig */;
			buildSettings = {
				PRODUCT_NAME = "$(TARGET_NAME)";
				SWIFT_VERSION = 4.1;
			};
			name = Release;
		};
		DE99C8819821A8AD6C0A507D /* Debug */ = {
			isa = XCBuildConfiguration;
			baseConfigurationReference = 937675EC9C84CB69A6DB6E1D /* Pods-Operation.debug.xcconfig */;
			buildSettings = {
				PRODUCT_NAME = "$(TARGET_NAME)";
				SWIFT_VERSION = 4.1;
			};
			name = Debug;
		};
		DE99CC4562995A4BD8865776 /* Release */ = {
			isa = XCBuildConfiguration;
			buildSettings = {
				ALWAYS_SEARCH_USER_PATHS = NO;
				CLANG_ANALYZER_NONNULL = YES;
				CLANG_ANALYZER_NUMBER_OBJECT_CONVERSION = YES_AGGRESSIVE;
				CLANG_CXX_LANGUAGE_STANDARD = "gnu++14";
				CLANG_CXX_LIBRARY = "libc++";
				CLANG_ENABLE_MODULES = YES;
				CLANG_ENABLE_OBJC_ARC = YES;
				CLANG_ENABLE_OBJC_WEAK = YES;
				CLANG_WARN_BLOCK_CAPTURE_AUTORELEASING = YES;
				CLANG_WARN_BOOL_CONVERSION = YES;
				CLANG_WARN_COMMA = YES;
				CLANG_WARN_CONSTANT_CONVERSION = YES;
				CLANG_WARN_DEPRECATED_OBJC_IMPLEMENTATIONS = YES;
				CLANG_WARN_DIRECT_OBJC_ISA_USAGE = YES_ERROR;
				CLANG_WARN_DOCUMENTATION_COMMENTS = YES;
				CLANG_WARN_EMPTY_BODY = YES;
				CLANG_WARN_ENUM_CONVERSION = YES;
				CLANG_WARN_INFINITE_RECURSION = YES;
				CLANG_WARN_INT_CONVERSION = YES;
				CLANG_WARN_NON_LITERAL_NULL_CONVERSION = YES;
				CLANG_WARN_OBJC_IMPLICIT_RETAIN_SELF = YES;
				CLANG_WARN_OBJC_LITERAL_CONVERSION = YES;
				CLANG_WARN_OBJC_ROOT_CLASS = YES_ERROR;
				CLANG_WARN_RANGE_LOOP_ANALYSIS = YES;
				CLANG_WARN_STRICT_PROTOTYPES = YES;
				CLANG_WARN_SUSPICIOUS_MOVE = YES;
				CLANG_WARN_UNGUARDED_AVAILABILITY = YES_AGGRESSIVE;
				CLANG_WARN_UNREACHABLE_CODE = YES;
				CLANG_WARN__DUPLICATE_METHOD_MATCH = YES;
				CODE_SIGN_IDENTITY = "-";
				COPY_PHASE_STRIP = NO;
				DEBUG_INFORMATION_FORMAT = "dwarf-with-dsym";
				ENABLE_NS_ASSERTIONS = NO;
				ENABLE_STRICT_OBJC_MSGSEND = YES;
				GCC_C_LANGUAGE_STANDARD = gnu11;
				GCC_NO_COMMON_BLOCKS = YES;
				GCC_WARN_64_TO_32_BIT_CONVERSION = YES;
				GCC_WARN_ABOUT_RETURN_TYPE = YES_ERROR;
				GCC_WARN_UNDECLARED_SELECTOR = YES;
				GCC_WARN_UNINITIALIZED_AUTOS = YES_AGGRESSIVE;
				GCC_WARN_UNUSED_FUNCTION = YES;
				GCC_WARN_UNUSED_VARIABLE = YES;
				MACOSX_DEPLOYMENT_TARGET = 10.13;
				MTL_ENABLE_DEBUG_INFO = NO;
				SDKROOT = macosx;
				SWIFT_COMPILATION_MODE = wholemodule;
				SWIFT_OPTIMIZATION_LEVEL = "-O";
			};
			name = Release;
		};
/* End XCBuildConfiguration section */

/* Begin XCConfigurationList section */
		DE99C57C9BBF90243581A697 /* Build configuration list for PBXProject "Operation" */ = {
			isa = XCConfigurationList;
			buildConfigurations = (
				DE99C65B889959D92A135234 /* Debug */,
				DE99CC4562995A4BD8865776 /* Release */,
			);
			defaultConfigurationIsVisible = 0;
			defaultConfigurationName = Release;
		};
		DE99C58AC43ED6B4FED93938 /* Build configuration list for PBXNativeTarget "Operation" */ = {
			isa = XCConfigurationList;
			buildConfigurations = (
				DE99C8819821A8AD6C0A507D /* Debug */,
				DE99C6D42DF3228053202B8B /* Release */,
			);
			defaultConfigurationIsVisible = 0;
		};
/* End XCConfigurationList section */
	};
	rootObject = DE99CFFD8E786777E27C56DD /* Project object */;
}
